<?xml version="1.0" encoding="utf-8"?>
<Project ToolsVersion="4.0" xmlns="http://schemas.microsoft.com/developer/msbuild/2003">
  <ItemGroup>
    <Filter Include="Header Files">
      <UniqueIdentifier>{9e5c76db-4bc7-473f-a9bf-902148ebfa1a}</UniqueIdentifier>
    </Filter>
    <Filter Include="Source Files">
      <UniqueIdentifier>{59069170-d8ce-49b4-9f0a-058a7c566c19}</UniqueIdentifier>
    </Filter>
    <Filter Include="Resource Files">
      <UniqueIdentifier>{e346e246-00f7-48a5-ac0e-0febe12be908}</UniqueIdentifier>
    </Filter>
    <Filter Include="Source Files\input">
      <UniqueIdentifier>{6fc90f3a-0195-4014-bbc8-d8b673d2e98b}</UniqueIdentifier>
    </Filter>
    <Filter Include="Source Files\output">
      <UniqueIdentifier>{3ae51a12-4e66-495d-bbbf-68b60b4f55ed}</UniqueIdentifier>
    </Filter>
    <Filter Include="Header Files\input">
      <UniqueIdentifier>{1879876e-eeef-4dc1-9df2-7021d025afe0}</UniqueIdentifier>
    </Filter>
    <Filter Include="Header Files\output">
      <UniqueIdentifier>{ba48824a-ded8-44fe-a2a3-046753fd64ad}</UniqueIdentifier>
    </Filter>
    <Filter Include="Source Files\compat">
      <UniqueIdentifier>{2039b547-ee0f-4fac-b621-98b9cc17da6a}</UniqueIdentifier>
    </Filter>
    <Filter Include="Header Files\compat">
      <UniqueIdentifier>{ddf18156-03f1-447a-91e3-67b9fe67af79}</UniqueIdentifier>
    </Filter>
  </ItemGroup>
  <ItemGroup>
    <ClInclude Include="x265_config.h">
      <Filter>Header Files</Filter>
    </ClInclude>
    <ClInclude Include="..\source\input\input.h">
      <Filter>Header Files\input</Filter>
    </ClInclude>
    <ClInclude Include="..\source\input\y4m.h">
      <Filter>Header Files\input</Filter>
    </ClInclude>
    <ClInclude Include="..\source\input\yuv.h">
      <Filter>Header Files\input</Filter>
    </ClInclude>
    <ClInclude Include="..\source\output\output.h">
      <Filter>Header Files\output</Filter>
    </ClInclude>
    <ClInclude Include="..\source\output\y4m.h">
      <Filter>Header Files\output</Filter>
    </ClInclude>
    <ClInclude Include="..\source\output\yuv.h">
      <Filter>Header Files\output</Filter>
    </ClInclude>
    <ClInclude Include="..\source\x265.h">
      <Filter>Header Files</Filter>
    </ClInclude>
    <ClInclude Include="..\source\compat\getopt\getopt.h">
      <Filter>Header Files\compat</Filter>
    </ClInclude>
    <ClInclude Include="..\source\output\raw.h">
      <Filter>Header Files\output</Filter>
    </ClInclude>
    <ClInclude Include="..\source\output\reconplay.h">
      <Filter>Header Files\output</Filter>
    </ClInclude>
  </ItemGroup>
  <ItemGroup>
    <ResourceCompile Include="x265.rc">
      <Filter>Resource Files</Filter>
    </ResourceCompile>
  </ItemGroup>
  <ItemGroup>
    <ClCompile Include="..\source\x265.cpp">
      <Filter>Source Files</Filter>
    </ClCompile>
    <ClCompile Include="..\source\input\input.cpp">
      <Filter>Source Files\input</Filter>
    </ClCompile>
    <ClCompile Include="..\source\input\y4m.cpp">
      <Filter>Source Files\input</Filter>
    </ClCompile>
    <ClCompile Include="..\source\input\yuv.cpp">
      <Filter>Source Files\input</Filter>
    </ClCompile>
    <ClCompile Include="..\source\output\output.cpp">
      <Filter>Source Files\output</Filter>
    </ClCompile>
    <ClCompile Include="..\source\output\y4m.cpp">
      <Filter>Source Files\output</Filter>
    </ClCompile>
    <ClCompile Include="..\source\output\yuv.cpp">
      <Filter>Source Files\output</Filter>
    </ClCompile>
    <ClCompile Include="..\source\compat\getopt\getopt.c">
      <Filter>Source Files\compat</Filter>
    </ClCompile>
    <ClCompile Include="..\source\output\reconplay.cpp">
      <Filter>Source Files\output</Filter>
    </ClCompile>
    <ClCompile Include="..\source\output\raw.cpp">
      <Filter>Source Files\output</Filter>
    </ClCompile>
    <ClCompile Include="..\source\x265-extras.cpp">
      <Filter>Source Files</Filter>
    </ClCompile>
  </ItemGroup>
</Project>